
Microsoft Visual Studio Solution File, Format Version 12.00
# Visual Studio Version 17
VisualStudioVersion = 17.9.34616.47
MinimumVisualStudioVersion = 10.0.40219.1
Project("{FAE04EC0-301F-11D3-BF4B-00C04F79EFBC}") = "saida_de_dados", "saida_de_dados\saida_de_dados.csproj", "{F5638CEB-D89C-4D33-8A7E-AC80564A5BE0}"
EndProject
Global
	GlobalSection(SolutionConfigurationPlatforms) = preSolution
		Debug|Any CPU = Debug|Any CPU
		Release|Any CPU = Release|Any CPU
	EndGlobalSection
	GlobalSection(ProjectConfigurationPlatforms) = postSolution
		{F5638CEB-D89C-4D33-8A7E-AC80564A5BE0}.Debug|Any CPU.ActiveCfg = Debug|Any CPU
		{F5638CEB-D89C-4D33-8A7E-AC80564A5BE0}.Debug|Any CPU.Build.0 = Debug|Any CPU
		{F5638CEB-D89C-4D33-8A7E-AC80564A5BE0}.Release|Any CPU.ActiveCfg = Release|Any CPU
		{F5638CEB-D89C-4D33-8A7E-AC80564A5BE0}.Release|Any CPU.Build.0 = Release|Any CPU
	EndGlobalSection
	GlobalSection(SolutionProperties) = preSolution
		HideSolutionNode = FALSE
	EndGlobalSection
	GlobalSection(ExtensibilityGlobals) = postSolution
		SolutionGuid = {BBEADD04-83F8-419D-A50E-E13241AC9DF3}
	EndGlobalSection
EndGlobal
